{"1.2.0",
[{<<"flatlog">>,{pkg,<<"flatlog">>,<<"0.1.2">>},0},
 {<<"jiffy">>,{pkg,<<"jiffy">>,<<"1.0.5">>},0},
 {<<"yval">>,
  {git,"https://github.com/zinid/yval.git",
       {ref,"2b5874f49b2cba46c4fbd01e4473dd032febd18a"}},
  0}]}.
[
{pkg_hash,[
 {<<"flatlog">>, <<"8C4B81A4931A1396254DBD975B841F4A6350D6F128FF94FFE86799A4451E32B1">>},
 {<<"jiffy">>, <<"A69B58FAF7123534C20E1B0B7AE97AC52079CA02ED4B6989B4B380179CD63A54">>}]}
].
